{
  "name": "summarizer-server",
  "version": "1.0.0",
  "lockfileVersion": 1,
  "requires": true,
  "dependencies": {
    "@esbuild-kit/cjs-loader": {
      "version": "2.4.2",
      "resolved": "http://r.npm.sankuai.com/@esbuild-kit/cjs-loader/download/@esbuild-kit/cjs-loader-2.4.2.tgz",
      "integrity": "sha1-y03eAPv3RKaMTyAWLqFagkLQ+lQ=",
      "dev": true,
      "requires": {
        "@esbuild-kit/core-utils": "^3.0.0",
        "get-tsconfig": "^4.4.0"
      }
    },
    "@esbuild-kit/core-utils": {
      "version": "3.1.0",
      "resolved": "http://r.npm.sankuai.com/@esbuild-kit/core-utils/download/@esbuild-kit/core-utils-3.1.0.tgz",
      "integrity": "sha1-SZRdUz29Xht2IKoPxSLBXm7AicU=",
      "dev": true,
      "requires": {
        "esbuild": "~0.17.6",
        "source-map-support": "^0.5.21"
      }
    },
    "@esbuild-kit/esm-loader": {
      "version": "2.5.5",
      "resolved": "http://r.npm.sankuai.com/@esbuild-kit/esm-loader/download/@esbuild-kit/esm-loader-2.5.5.tgz",
      "integrity": "sha1-uC2hT87j/B0hmGl1bAb0P2fRynE=",
      "dev": true,
      "requires": {
        "@esbuild-kit/core-utils": "^3.0.0",
        "get-tsconfig": "^4.4.0"
      }
    },
    "@esbuild/android-arm": {
      "version": "0.17.19",
      "resolved": "http://r.npm.sankuai.com/@esbuild/android-arm/download/@esbuild/android-arm-0.17.19.tgz",
      "integrity": "sha1-WJj3gywimLx9CrU3AcV763TXi00=",
      "optional": true
    },
    "@esbuild/android-arm64": {
      "version": "0.17.19",
      "resolved": "http://r.npm.sankuai.com/@esbuild/android-arm64/download/@esbuild/android-arm64-0.17.19.tgz",
      "integrity": "sha1-uvt1I0pdPRtpDnwpVqWZNF6Eov0=",
      "optional": true
    },
    "@esbuild/android-x64": {
      "version": "0.17.19",
      "resolved": "http://r.npm.sankuai.com/@esbuild/android-x64/download/@esbuild/android-x64-0.17.19.tgz",
      "integrity": "sha1-ZYNo75IGeGbZX7JocZ+Y82PROuE=",
      "optional": true
    },
    "@esbuild/darwin-arm64": {
      "version": "0.17.19",
      "resolved": "http://r.npm.sankuai.com/@esbuild/darwin-arm64/download/@esbuild/darwin-arm64-0.17.19.tgz",
      "integrity": "sha1-WEw0xZkbldTUjTMzALGk4v974nY=",
      "optional": true
    },
    "@esbuild/darwin-x64": {
      "version": "0.17.19",
      "resolved": "http://r.npm.sankuai.com/@esbuild/darwin-x64/download/@esbuild/darwin-x64-0.17.19.tgz",
      "integrity": "sha1-d1HSNt/mzhNszjQ9zmn1LXa39ss=",
      "optional": true
    },
    "@esbuild/freebsd-arm64": {
      "version": "0.17.19",
      "resolved": "http://r.npm.sankuai.com/@esbuild/freebsd-arm64/download/@esbuild/freebsd-arm64-0.17.19.tgz",
      "integrity": "sha1-ys0XFmXdHVAPRcFn1QxrflOdX9I=",
      "optional": true
    },
    "@esbuild/freebsd-x64": {
      "version": "0.17.19",
      "resolved": "http://r.npm.sankuai.com/@esbuild/freebsd-x64/download/@esbuild/freebsd-x64-0.17.19.tgz",
      "integrity": "sha1-B2lFbu4qCLjZJdfAC3noYcsxYuQ=",
      "optional": true
    },
    "@esbuild/linux-arm": {
      "version": "0.17.19",
      "resolved": "http://r.npm.sankuai.com/@esbuild/linux-arm/download/@esbuild/linux-arm-0.17.19.tgz",
      "integrity": "sha1-GizTmcUAQBhKgFF0ptiQl9nRVZo=",
      "optional": true
    },
    "@esbuild/linux-arm64": {
      "version": "0.17.19",
      "resolved": "http://r.npm.sankuai.com/@esbuild/linux-arm64/download/@esbuild/linux-arm64-0.17.19.tgz",
      "integrity": "sha1-OOFi7Lcjhixr4cJ9Y4n0iWC2jts=",
      "optional": true
    },
    "@esbuild/linux-ia32": {
      "version": "0.17.19",
      "resolved": "http://r.npm.sankuai.com/@esbuild/linux-ia32/download/@esbuild/linux-ia32-0.17.19.tgz",
      "integrity": "sha1-4owlJmsDbOHKvKPDAVUiKEHcA1o=",
      "optional": true
    },
    "@esbuild/linux-loong64": {
      "version": "0.17.19",
      "resolved": "http://r.npm.sankuai.com/@esbuild/linux-loong64/download/@esbuild/linux-loong64-0.17.19.tgz",
      "integrity": "sha1-D4h7i7P5BljRoBFyg+VdvUydz3I=",
      "optional": true
    },
    "@esbuild/linux-mips64el": {
      "version": "0.17.19",
      "resolved": "http://r.npm.sankuai.com/@esbuild/linux-mips64el/download/@esbuild/linux-mips64el-0.17.19.tgz",
      "integrity": "sha1-9dKguAR+qaXZ9ZKheOoFQFOnAok=",
      "optional": true
    },
    "@esbuild/linux-ppc64": {
      "version": "0.17.19",
      "resolved": "http://r.npm.sankuai.com/@esbuild/linux-ppc64/download/@esbuild/linux-ppc64-0.17.19.tgz",
      "integrity": "sha1-h2WQ46y9n6f1eix9hvg3F9u6yMc=",
      "optional": true
    },
    "@esbuild/linux-riscv64": {
      "version": "0.17.19",
      "resolved": "http://r.npm.sankuai.com/@esbuild/linux-riscv64/download/@esbuild/linux-riscv64-0.17.19.tgz",
      "integrity": "sha1-f0k3PfRjzZ9B3DT5siYtdxaIvwk=",
      "optional": true
    },
    "@esbuild/linux-s390x": {
      "version": "0.17.19",
      "resolved": "http://r.npm.sankuai.com/@esbuild/linux-s390x/download/@esbuild/linux-s390x-0.17.19.tgz",
      "integrity": "sha1-4q/Rr8r2Ov4sfZzqzSjsV8d/iCk=",
      "optional": true
    },
    "@esbuild/linux-x64": {
      "version": "0.17.19",
      "resolved": "http://r.npm.sankuai.com/@esbuild/linux-x64/download/@esbuild/linux-x64-0.17.19.tgz",
      "integrity": "sha1-ig6XOLFjXwxTOJ5RWug4Jt7CKqQ=",
      "optional": true
    },
    "@esbuild/netbsd-x64": {
      "version": "0.17.19",
      "resolved": "http://r.npm.sankuai.com/@esbuild/netbsd-x64/download/@esbuild/netbsd-x64-0.17.19.tgz",
      "integrity": "sha1-wp+yRTxrfd75o14sGLN72hrlxGI=",
      "optional": true
    },
    "@esbuild/openbsd-x64": {
      "version": "0.17.19",
      "resolved": "http://r.npm.sankuai.com/@esbuild/openbsd-x64/download/@esbuild/openbsd-x64-0.17.19.tgz",
      "integrity": "sha1-ledaORQDyxApcoDVJNZs4EySBpE=",
      "optional": true
    },
    "@esbuild/sunos-x64": {
      "version": "0.17.19",
      "resolved": "http://r.npm.sankuai.com/@esbuild/sunos-x64/download/@esbuild/sunos-x64-0.17.19.tgz",
      "integrity": "sha1-ci6vBXuDwldZN9P/5a6xZUDacnM=",
      "optional": true
    },
    "@esbuild/win32-arm64": {
      "version": "0.17.19",
      "resolved": "http://r.npm.sankuai.com/@esbuild/win32-arm64/download/@esbuild/win32-arm64-0.17.19.tgz",
      "integrity": "sha1-mqncB0OZKIvc3Sg0Q+mutrlVK28=",
      "optional": true
    },
    "@esbuild/win32-ia32": {
      "version": "0.17.19",
      "resolved": "http://r.npm.sankuai.com/@esbuild/win32-ia32/download/@esbuild/win32-ia32-0.17.19.tgz",
      "integrity": "sha1-la1DxirWJIXiEPYpnHslceSNKwM=",
      "optional": true
    },
    "@esbuild/win32-x64": {
      "version": "0.17.19",
      "resolved": "http://r.npm.sankuai.com/@esbuild/win32-x64/download/@esbuild/win32-x64-0.17.19.tgz",
      "integrity": "sha1-jPry/2A+mqu5EOnAVYwmzzJ0QGE=",
      "optional": true
    },
    "@types/body-parser": {
      "version": "1.19.2",
      "resolved": "http://r.npm.sankuai.com/@types/body-parser/download/@types/body-parser-1.19.2.tgz",
      "integrity": "sha1-rqIFnii3ZYY5CBNHrE+rPeFm5vA=",
      "dev": true,
      "requires": {
        "@types/connect": "*",
        "@types/node": "*"
      }
    },
    "@types/connect": {
      "version": "3.4.35",
      "resolved": "http://r.npm.sankuai.com/@types/connect/download/@types/connect-3.4.35.tgz",
      "integrity": "sha1-X89q5EXkAh0fwiGaSHPMc6O7KtE=",
      "dev": true,
      "requires": {
        "@types/node": "*"
      }
    },
    "@types/express": {
      "version": "4.17.17",
      "resolved": "http://r.npm.sankuai.com/@types/express/download/@types/express-4.17.17.tgz",
      "integrity": "sha1-AdVDf275z6hmjmFuE8LyrJpJGuQ=",
      "dev": true,
      "requires": {
        "@types/body-parser": "*",
        "@types/express-serve-static-core": "^4.17.33",
        "@types/qs": "*",
        "@types/serve-static": "*"
      }
    },
    "@types/express-serve-static-core": {
      "version": "4.17.35",
      "resolved": "http://r.npm.sankuai.com/@types/express-serve-static-core/download/@types/express-serve-static-core-4.17.35.tgz",
      "integrity": "sha1-yV3UQk8NMuUl0jgSqoq45NOQbE8=",
      "dev": true,
      "requires": {
        "@types/node": "*",
        "@types/qs": "*",
        "@types/range-parser": "*",
        "@types/send": "*"
      }
    },
    "@types/mime": {
      "version": "1.3.2",
      "resolved": "http://r.npm.sankuai.com/@types/mime/download/@types/mime-1.3.2.tgz",
      "integrity": "sha1-k+Jb+e51/g/YC1lLxP6w6GIRG1o=",
      "dev": true
    },
    "@types/node": {
      "version": "20.2.4",
      "resolved": "http://r.npm.sankuai.com/@types/node/download/@types/node-20.2.4.tgz",
      "integrity": "sha1-5sM0X37Zxt9B/cKIqU4mMxZ7wV0=",
      "dev": true
    },
    "@types/qs": {
      "version": "6.9.7",
      "resolved": "http://r.npm.sankuai.com/@types/qs/download/@types/qs-6.9.7.tgz",
      "integrity": "sha1-Y7t9Bn2xB8weRXwwO8JdUR/r9ss=",
      "dev": true
    },
    "@types/range-parser": {
      "version": "1.2.4",
      "resolved": "http://r.npm.sankuai.com/@types/range-parser/download/@types/range-parser-1.2.4.tgz",
      "integrity": "sha1-zWZ7z90CUhOq+3ylkVqTJZCs3Nw=",
      "dev": true
    },
    "@types/send": {
      "version": "0.17.1",
      "resolved": "http://r.npm.sankuai.com/@types/send/download/@types/send-0.17.1.tgz",
      "integrity": "sha1-7UkyuKKoBfH+Nipw9OYtCsmU4wE=",
      "dev": true,
      "requires": {
        "@types/mime": "^1",
        "@types/node": "*"
      }
    },
    "@types/serve-static": {
      "version": "1.15.1",
      "resolved": "http://r.npm.sankuai.com/@types/serve-static/download/@types/serve-static-1.15.1.tgz",
      "integrity": "sha1-hrF1Pwvk+aG+5o1Fn82lvk6lK10=",
      "dev": true,
      "requires": {
        "@types/mime": "*",
        "@types/node": "*"
      }
    },
    "accepts": {
      "version": "1.3.8",
      "resolved": "http://r.npm.sankuai.com/accepts/download/accepts-1.3.8.tgz",
      "integrity": "sha1-C/C+EltnAUrcsLCSHmLbe//hay4=",
      "requires": {
        "mime-types": "~2.1.34",
        "negotiator": "0.6.3"
      }
    },
    "agent-base": {
      "version": "7.0.2",
      "resolved": "http://r.npm.sankuai.com/agent-base/download/agent-base-7.0.2.tgz",
      "integrity": "sha1-1shUwh/luMjxxprBKn0ho9G+KFk=",
      "requires": {
        "debug": "^4.3.4"
      },
      "dependencies": {
        "debug": {
          "version": "4.3.4",
          "resolved": "http://r.npm.sankuai.com/debug/download/debug-4.3.4.tgz",
          "integrity": "sha1-Exn2V5NX8jONMzfSzdSRS7XcyGU=",
          "requires": {
            "ms": "2.1.2"
          }
        },
        "ms": {
          "version": "2.1.2",
          "resolved": "http://r.npm.sankuai.com/ms/download/ms-2.1.2.tgz",
          "integrity": "sha1-0J0fNXtEP0kzgqjrPM0YOHKuYAk="
        }
      }
    },
    "array-flatten": {
      "version": "1.1.1",
      "resolved": "http://r.npm.sankuai.com/array-flatten/download/array-flatten-1.1.1.tgz",
      "integrity": "sha1-ml9pkFGx5wczKPKgCJaLZOopVdI="
    },
    "body-parser": {
      "version": "1.20.1",
      "resolved": "http://r.npm.sankuai.com/body-parser/download/body-parser-1.20.1.tgz",
      "integrity": "sha1-sYEqiRLBlc03Gj7l5m+qIzilxmg=",
      "requires": {
        "bytes": "3.1.2",
        "content-type": "~1.0.4",
        "debug": "2.6.9",
        "depd": "2.0.0",
        "destroy": "1.2.0",
        "http-errors": "2.0.0",
        "iconv-lite": "0.4.24",
        "on-finished": "2.4.1",
        "qs": "6.11.0",
        "raw-body": "2.5.1",
        "type-is": "~1.6.18",
        "unpipe": "1.0.0"
      }
    },
    "buffer-from": {
      "version": "1.1.2",
      "resolved": "http://r.npm.sankuai.com/buffer-from/download/buffer-from-1.1.2.tgz",
      "integrity": "sha1-KxRqb9cugLT1XSVfNe1Zo6mkG9U=",
      "dev": true
    },
    "bytes": {
      "version": "3.1.2",
      "resolved": "http://r.npm.sankuai.com/bytes/download/bytes-3.1.2.tgz",
      "integrity": "sha1-iwvuuYYFrfGxKPpDhkA8AJ4CIaU="
    },
    "call-bind": {
      "version": "1.0.2",
      "resolved": "http://r.npm.sankuai.com/call-bind/download/call-bind-1.0.2.tgz",
      "integrity": "sha1-sdTonmiBGcPJqQOtMKuy9qkZvjw=",
      "requires": {
        "function-bind": "^1.1.1",
        "get-intrinsic": "^1.0.2"
      }
    },
    "content-disposition": {
      "version": "0.5.4",
      "resolved": "http://r.npm.sankuai.com/content-disposition/download/content-disposition-0.5.4.tgz",
      "integrity": "sha1-i4K076yCUSoCuwsdzsnSxejrW/4=",
      "requires": {
        "safe-buffer": "5.2.1"
      }
    },
    "content-type": {
      "version": "1.0.5",
      "resolved": "http://r.npm.sankuai.com/content-type/download/content-type-1.0.5.tgz",
      "integrity": "sha1-i3cxYmVtHRCGeEyPI6VM5tc9eRg="
    },
    "cookie": {
      "version": "0.5.0",
      "resolved": "http://r.npm.sankuai.com/cookie/download/cookie-0.5.0.tgz",
      "integrity": "sha1-0fXXGt7GVYxY84mYfDZqpH6ZT4s="
    },
    "cookie-signature": {
      "version": "1.0.6",
      "resolved": "http://r.npm.sankuai.com/cookie-signature/download/cookie-signature-1.0.6.tgz",
      "integrity": "sha1-4wOogrNCzD7oylE6eZmXNNqzriw="
    },
    "data-uri-to-buffer": {
      "version": "4.0.1",
      "resolved": "http://r.npm.sankuai.com/data-uri-to-buffer/download/data-uri-to-buffer-4.0.1.tgz",
      "integrity": "sha1-2P6ysogeak9YwuCKz9Dig04mIi4="
    },
    "debug": {
      "version": "2.6.9",
      "resolved": "http://r.npm.sankuai.com/debug/download/debug-2.6.9.tgz",
      "integrity": "sha1-XRKFFd8TT/Mn6QpMk/Tgd6U2NB8=",
      "requires": {
        "ms": "2.0.0"
      }
    },
    "depd": {
      "version": "2.0.0",
      "resolved": "http://r.npm.sankuai.com/depd/download/depd-2.0.0.tgz",
      "integrity": "sha1-tpYWPMdXVg0JzyLMj60Vcbeedt8="
    },
    "destroy": {
      "version": "1.2.0",
      "resolved": "http://r.npm.sankuai.com/destroy/download/destroy-1.2.0.tgz",
      "integrity": "sha1-SANzVQmti+VSk0xn32FPlOZvoBU="
    },
    "ee-first": {
      "version": "1.1.1",
      "resolved": "http://r.npm.sankuai.com/ee-first/download/ee-first-1.1.1.tgz",
      "integrity": "sha1-WQxhFWsK4vTwJVcyoViyZrxWsh0="
    },
    "encodeurl": {
      "version": "1.0.2",
      "resolved": "http://r.npm.sankuai.com/encodeurl/download/encodeurl-1.0.2.tgz",
      "integrity": "sha1-rT/0yG7C0CkyL1oCw6mmBslbP1k="
    },
    "esbuild": {
      "version": "0.17.19",
      "resolved": "http://r.npm.sankuai.com/esbuild/download/esbuild-0.17.19.tgz",
      "integrity": "sha1-CHpyfpgpnwRio9C83ZzX/xAL2VU=",
      "requires": {
        "@esbuild/android-arm": "0.17.19",
        "@esbuild/android-arm64": "0.17.19",
        "@esbuild/android-x64": "0.17.19",
        "@esbuild/darwin-arm64": "0.17.19",
        "@esbuild/darwin-x64": "0.17.19",
        "@esbuild/freebsd-arm64": "0.17.19",
        "@esbuild/freebsd-x64": "0.17.19",
        "@esbuild/linux-arm": "0.17.19",
        "@esbuild/linux-arm64": "0.17.19",
        "@esbuild/linux-ia32": "0.17.19",
        "@esbuild/linux-loong64": "0.17.19",
        "@esbuild/linux-mips64el": "0.17.19",
        "@esbuild/linux-ppc64": "0.17.19",
        "@esbuild/linux-riscv64": "0.17.19",
        "@esbuild/linux-s390x": "0.17.19",
        "@esbuild/linux-x64": "0.17.19",
        "@esbuild/netbsd-x64": "0.17.19",
        "@esbuild/openbsd-x64": "0.17.19",
        "@esbuild/sunos-x64": "0.17.19",
        "@esbuild/win32-arm64": "0.17.19",
        "@esbuild/win32-ia32": "0.17.19",
        "@esbuild/win32-x64": "0.17.19"
      }
    },
    "escape-html": {
      "version": "1.0.3",
      "resolved": "http://r.npm.sankuai.com/escape-html/download/escape-html-1.0.3.tgz",
      "integrity": "sha1-Aljq5NPQwJdN4cFpGI7wBR0dGYg="
    },
    "etag": {
      "version": "1.8.1",
      "resolved": "http://r.npm.sankuai.com/etag/download/etag-1.8.1.tgz",
      "integrity": "sha1-Qa4u62XvpiJorr/qg6x9eSmbCIc="
    },
    "express": {
      "version": "4.18.2",
      "resolved": "http://r.npm.sankuai.com/express/download/express-4.18.2.tgz",
      "integrity": "sha1-P6vggpbpMMeWwZ48UWl5OGup/Vk=",
      "requires": {
        "accepts": "~1.3.8",
        "array-flatten": "1.1.1",
        "body-parser": "1.20.1",
        "content-disposition": "0.5.4",
        "content-type": "~1.0.4",
        "cookie": "0.5.0",
        "cookie-signature": "1.0.6",
        "debug": "2.6.9",
        "depd": "2.0.0",
        "encodeurl": "~1.0.2",
        "escape-html": "~1.0.3",
        "etag": "~1.8.1",
        "finalhandler": "1.2.0",
        "fresh": "0.5.2",
        "http-errors": "2.0.0",
        "merge-descriptors": "1.0.1",
        "methods": "~1.1.2",
        "on-finished": "2.4.1",
        "parseurl": "~1.3.3",
        "path-to-regexp": "0.1.7",
        "proxy-addr": "~2.0.7",
        "qs": "6.11.0",
        "range-parser": "~1.2.1",
        "safe-buffer": "5.2.1",
        "send": "0.18.0",
        "serve-static": "1.15.0",
        "setprototypeof": "1.2.0",
        "statuses": "2.0.1",
        "type-is": "~1.6.18",
        "utils-merge": "1.0.1",
        "vary": "~1.1.2"
      }
    },
    "fetch-blob": {
      "version": "3.2.0",
      "resolved": "http://r.npm.sankuai.com/fetch-blob/download/fetch-blob-3.2.0.tgz",
      "integrity": "sha1-8JuNS71Frcbwwgt+eH55PjCdzOk=",
      "requires": {
        "node-domexception": "^1.0.0",
        "web-streams-polyfill": "^3.0.3"
      }
    },
    "finalhandler": {
      "version": "1.2.0",
      "resolved": "http://r.npm.sankuai.com/finalhandler/download/finalhandler-1.2.0.tgz",
      "integrity": "sha1-fSP+VzGyB7RkDk/NAK7B+SB6ezI=",
      "requires": {
        "debug": "2.6.9",
        "encodeurl": "~1.0.2",
        "escape-html": "~1.0.3",
        "on-finished": "2.4.1",
        "parseurl": "~1.3.3",
        "statuses": "2.0.1",
        "unpipe": "~1.0.0"
      }
    },
    "formdata-polyfill": {
      "version": "4.0.10",
      "resolved": "http://r.npm.sankuai.com/formdata-polyfill/download/formdata-polyfill-4.0.10.tgz",
      "integrity": "sha1-JIB8McnUAuACqz2McgFEzriEhCM=",
      "requires": {
        "fetch-blob": "^3.1.2"
      }
    },
    "forwarded": {
      "version": "0.2.0",
      "resolved": "http://r.npm.sankuai.com/forwarded/download/forwarded-0.2.0.tgz",
      "integrity": "sha1-ImmTZCiq1MFcfr6XeahL8LKoGBE="
    },
    "fresh": {
      "version": "0.5.2",
      "resolved": "http://r.npm.sankuai.com/fresh/download/fresh-0.5.2.tgz",
      "integrity": "sha1-PYyt2Q2XZWn6g1qx+OSyOhBWBac="
    },
    "fsevents": {
      "version": "2.3.2",
      "resolved": "http://r.npm.sankuai.com/fsevents/download/fsevents-2.3.2.tgz",
      "integrity": "sha1-ilJveLj99GI7cJ4Ll1xSwkwC/Ro=",
      "dev": true,
      "optional": true
    },
    "function-bind": {
      "version": "1.1.1",
      "resolved": "http://r.npm.sankuai.com/function-bind/download/function-bind-1.1.1.tgz",
      "integrity": "sha1-pWiZ0+o8m6uHS7l3O3xe3pL0iV0="
    },
    "get-intrinsic": {
      "version": "1.2.1",
      "resolved": "http://r.npm.sankuai.com/get-intrinsic/download/get-intrinsic-1.2.1.tgz",
      "integrity": "sha1-0pVkT+1FBfyc3pUsN+4StHeoPYI=",
      "requires": {
        "function-bind": "^1.1.1",
        "has": "^1.0.3",
        "has-proto": "^1.0.1",
        "has-symbols": "^1.0.3"
      }
    },
    "get-tsconfig": {
      "version": "4.5.0",
      "resolved": "http://r.npm.sankuai.com/get-tsconfig/download/get-tsconfig-4.5.0.tgz",
      "integrity": "sha1-bVLRx7KZvT7pzXY4VhZTOZrHew8=",
      "dev": true
    },
    "has": {
      "version": "1.0.3",
      "resolved": "http://r.npm.sankuai.com/has/download/has-1.0.3.tgz",
      "integrity": "sha1-ci18v8H2qoJB8W3YFOAR4fQeh5Y=",
      "requires": {
        "function-bind": "^1.1.1"
      }
    },
    "has-proto": {
      "version": "1.0.1",
      "resolved": "http://r.npm.sankuai.com/has-proto/download/has-proto-1.0.1.tgz",
      "integrity": "sha1-GIXBMFU4lYr/Rp/vN5N8InlUCOA="
    },
    "has-symbols": {
      "version": "1.0.3",
      "resolved": "http://r.npm.sankuai.com/has-symbols/download/has-symbols-1.0.3.tgz",
      "integrity": "sha1-u3ssQ0klHc6HsSX3vfh0qnyLOfg="
    },
    "http-errors": {
      "version": "2.0.0",
      "resolved": "http://r.npm.sankuai.com/http-errors/download/http-errors-2.0.0.tgz",
      "integrity": "sha1-t3dKFIbvc892Z6ya4IWMASxXudM=",
      "requires": {
        "depd": "2.0.0",
        "inherits": "2.0.4",
        "setprototypeof": "1.2.0",
        "statuses": "2.0.1",
        "toidentifier": "1.0.1"
      }
    },
    "https-proxy-agent": {
      "version": "6.2.1",
      "resolved": "http://r.npm.sankuai.com/https-proxy-agent/download/https-proxy-agent-6.2.1.tgz",
      "integrity": "sha1-CWWrRzcbPlMc9nlNHrFIcQqZK6c=",
      "requires": {
        "agent-base": "^7.0.2",
        "debug": "4"
      },
      "dependencies": {
        "debug": {
          "version": "4.3.4",
          "resolved": "http://r.npm.sankuai.com/debug/download/debug-4.3.4.tgz",
          "integrity": "sha1-Exn2V5NX8jONMzfSzdSRS7XcyGU=",
          "requires": {
            "ms": "2.1.2"
          }
        },
        "ms": {
          "version": "2.1.2",
          "resolved": "http://r.npm.sankuai.com/ms/download/ms-2.1.2.tgz",
          "integrity": "sha1-0J0fNXtEP0kzgqjrPM0YOHKuYAk="
        }
      }
    },
    "iconv-lite": {
      "version": "0.4.24",
      "resolved": "http://r.npm.sankuai.com/iconv-lite/download/iconv-lite-0.4.24.tgz",
      "integrity": "sha1-ICK0sl+93CHS9SSXSkdKr+czkIs=",
      "requires": {
        "safer-buffer": ">= 2.1.2 < 3"
      }
    },
    "inherits": {
      "version": "2.0.4",
      "resolved": "http://r.npm.sankuai.com/inherits/download/inherits-2.0.4.tgz",
      "integrity": "sha1-D6LGT5MpF8NDOg3tVTY6rjdBa3w="
    },
    "ipaddr.js": {
      "version": "1.9.1",
      "resolved": "http://r.npm.sankuai.com/ipaddr.js/download/ipaddr.js-1.9.1.tgz",
      "integrity": "sha1-v/OFQ+64mEglB5/zoqjmy9RngbM="
    },
    "media-typer": {
      "version": "0.3.0",
      "resolved": "http://r.npm.sankuai.com/media-typer/download/media-typer-0.3.0.tgz",
      "integrity": "sha1-hxDXrwqmJvj/+hzgAWhUUmMlV0g="
    },
    "merge-descriptors": {
      "version": "1.0.1",
      "resolved": "http://r.npm.sankuai.com/merge-descriptors/download/merge-descriptors-1.0.1.tgz",
      "integrity": "sha1-sAqqVW3YtEVoFQ7J0blT8/kMu2E="
    },
    "methods": {
      "version": "1.1.2",
      "resolved": "http://r.npm.sankuai.com/methods/download/methods-1.1.2.tgz",
      "integrity": "sha1-VSmk1nZUE07cxSZmVoNbD4Ua/O4="
    },
    "mime": {
      "version": "1.6.0",
      "resolved": "http://r.npm.sankuai.com/mime/download/mime-1.6.0.tgz",
      "integrity": "sha1-Ms2eXGRVO9WNGaVor0Uqz/BJgbE="
    },
    "mime-db": {
      "version": "1.52.0",
      "resolved": "http://r.npm.sankuai.com/mime-db/download/mime-db-1.52.0.tgz",
      "integrity": "sha1-u6vNwChZ9JhzAchW4zh85exDv3A="
    },
    "mime-types": {
      "version": "2.1.35",
      "resolved": "http://r.npm.sankuai.com/mime-types/download/mime-types-2.1.35.tgz",
      "integrity": "sha1-OBqHG2KnNEUGYK497uRIE/cNlZo=",
      "requires": {
        "mime-db": "1.52.0"
      }
    },
    "ms": {
      "version": "2.0.0",
      "resolved": "http://r.npm.sankuai.com/ms/download/ms-2.0.0.tgz",
      "integrity": "sha1-VgiurfwAvmwpAd9fmGF4jeDVl8g="
    },
    "negotiator": {
      "version": "0.6.3",
      "resolved": "http://r.npm.sankuai.com/negotiator/download/negotiator-0.6.3.tgz",
      "integrity": "sha1-WOMjpy/twNb5zU0x/kn1FHlZDM0="
    },
    "node-domexception": {
      "version": "1.0.0",
      "resolved": "http://r.npm.sankuai.com/node-domexception/download/node-domexception-1.0.0.tgz",
      "integrity": "sha1-aIjbRqH3HAt2s/dVUBa2P+ZHZuU="
    },
    "node-fetch": {
      "version": "3.3.1",
      "resolved": "http://r.npm.sankuai.com/node-fetch/download/node-fetch-3.3.1.tgz",
      "integrity": "sha1-s+6ntUs6SAIORvT4i5xadDDSCy4=",
      "requires": {
        "data-uri-to-buffer": "^4.0.0",
        "fetch-blob": "^3.1.4",
        "formdata-polyfill": "^4.0.10"
      }
    },
    "object-inspect": {
      "version": "1.12.3",
      "resolved": "http://r.npm.sankuai.com/object-inspect/download/object-inspect-1.12.3.tgz",
      "integrity": "sha1-umLf/WfuJWyMCG365p4BbNHxmLk="
    },
    "on-finished": {
      "version": "2.4.1",
      "resolved": "http://r.npm.sankuai.com/on-finished/download/on-finished-2.4.1.tgz",
      "integrity": "sha1-WMjEQRblSEWtV/FKsQsDUzGErD8=",
      "requires": {
        "ee-first": "1.1.1"
      }
    },
    "parseurl": {
      "version": "1.3.3",
      "resolved": "http://r.npm.sankuai.com/parseurl/download/parseurl-1.3.3.tgz",
      "integrity": "sha1-naGee+6NEt/wUT7Vt2lXeTvC6NQ="
    },
    "path-to-regexp": {
      "version": "0.1.7",
      "resolved": "http://r.npm.sankuai.com/path-to-regexp/download/path-to-regexp-0.1.7.tgz",
      "integrity": "sha1-32BBeABfUi8V60SQ5yR6G/qmf4w="
    },
    "proxy-addr": {
      "version": "2.0.7",
      "resolved": "http://r.npm.sankuai.com/proxy-addr/download/proxy-addr-2.0.7.tgz",
      "integrity": "sha1-8Z/mnOqzEe65S0LnDowgcPm6ECU=",
      "requires": {
        "forwarded": "0.2.0",
        "ipaddr.js": "1.9.1"
      }
    },
    "qs": {
      "version": "6.11.0",
      "resolved": "http://r.npm.sankuai.com/qs/download/qs-6.11.0.tgz",
      "integrity": "sha1-/Q2WNEb3pl4TZ+AavYVClFPww3o=",
      "requires": {
        "side-channel": "^1.0.4"
      }
    },
    "range-parser": {
      "version": "1.2.1",
      "resolved": "http://r.npm.sankuai.com/range-parser/download/range-parser-1.2.1.tgz",
      "integrity": "sha1-PPNwI9GZ4cJNGlW4SADC8+ZGgDE="
    },
    "raw-body": {
      "version": "2.5.1",
      "resolved": "http://r.npm.sankuai.com/raw-body/download/raw-body-2.5.1.tgz",
      "integrity": "sha1-/hsWKLGBtwAhXl/UI4n5i3E5KFc=",
      "requires": {
        "bytes": "3.1.2",
        "http-errors": "2.0.0",
        "iconv-lite": "0.4.24",
        "unpipe": "1.0.0"
      }
    },
    "safe-buffer": {
      "version": "5.2.1",
      "resolved": "http://r.npm.sankuai.com/safe-buffer/download/safe-buffer-5.2.1.tgz",
      "integrity": "sha1-Hq+fqb2x/dTsdfWPnNtOa3gn7sY="
    },
    "safer-buffer": {
      "version": "2.1.2",
      "resolved": "http://r.npm.sankuai.com/safer-buffer/download/safer-buffer-2.1.2.tgz",
      "integrity": "sha1-RPoWGwGHuVSd2Eu5GAL5vYOFzWo="
    },
    "send": {
      "version": "0.18.0",
      "resolved": "http://r.npm.sankuai.com/send/download/send-0.18.0.tgz",
      "integrity": "sha1-ZwFnzGVLBfWqSnZ/kRO7NxvHBr4=",
      "requires": {
        "debug": "2.6.9",
        "depd": "2.0.0",
        "destroy": "1.2.0",
        "encodeurl": "~1.0.2",
        "escape-html": "~1.0.3",
        "etag": "~1.8.1",
        "fresh": "0.5.2",
        "http-errors": "2.0.0",
        "mime": "1.6.0",
        "ms": "2.1.3",
        "on-finished": "2.4.1",
        "range-parser": "~1.2.1",
        "statuses": "2.0.1"
      },
      "dependencies": {
        "ms": {
          "version": "2.1.3",
          "resolved": "http://r.npm.sankuai.com/ms/download/ms-2.1.3.tgz",
          "integrity": "sha1-V0yBOM4dK1hh8LRFedut1gxmFbI="
        }
      }
    },
    "serve-static": {
      "version": "1.15.0",
      "resolved": "http://r.npm.sankuai.com/serve-static/download/serve-static-1.15.0.tgz",
      "integrity": "sha1-+q7wjP/goaYvYMrQxOUTz/CslUA=",
      "requires": {
        "encodeurl": "~1.0.2",
        "escape-html": "~1.0.3",
        "parseurl": "~1.3.3",
        "send": "0.18.0"
      }
    },
    "setprototypeof": {
      "version": "1.2.0",
      "resolved": "http://r.npm.sankuai.com/setprototypeof/download/setprototypeof-1.2.0.tgz",
      "integrity": "sha1-ZsmiSnP5/CjL5msJ/tPTPcrxtCQ="
    },
    "side-channel": {
      "version": "1.0.4",
      "resolved": "http://r.npm.sankuai.com/side-channel/download/side-channel-1.0.4.tgz",
      "integrity": "sha1-785cj9wQTudRslxY1CkAEfpeos8=",
      "requires": {
        "call-bind": "^1.0.0",
        "get-intrinsic": "^1.0.2",
        "object-inspect": "^1.9.0"
      }
    },
    "source-map": {
      "version": "0.6.1",
      "resolved": "http://r.npm.sankuai.com/source-map/download/source-map-0.6.1.tgz",
      "integrity": "sha1-dHIq8y6WFOnCh6jQu95IteLxomM=",
      "dev": true
    },
    "source-map-support": {
      "version": "0.5.21",
      "resolved": "http://r.npm.sankuai.com/source-map-support/download/source-map-support-0.5.21.tgz",
      "integrity": "sha1-BP58f54e0tZiIzwoyys1ufY/bk8=",
      "dev": true,
      "requires": {
        "buffer-from": "^1.0.0",
        "source-map": "^0.6.0"
      }
    },
    "statuses": {
      "version": "2.0.1",
      "resolved": "http://r.npm.sankuai.com/statuses/download/statuses-2.0.1.tgz",
      "integrity": "sha1-VcsADM8dSHKL0jxoWgY5mM8aG2M="
    },
    "toidentifier": {
      "version": "1.0.1",
      "resolved": "http://r.npm.sankuai.com/toidentifier/download/toidentifier-1.0.1.tgz",
      "integrity": "sha1-O+NDIaiKgg7RvYDfqjPkefu43TU="
    },
    "tsx": {
      "version": "3.12.7",
      "resolved": "http://r.npm.sankuai.com/tsx/download/tsx-3.12.7.tgz",
      "integrity": "sha1-s7iw/HmvyCYNHhT56ZVhbIWakek=",
      "dev": true,
      "requires": {
        "@esbuild-kit/cjs-loader": "^2.4.2",
        "@esbuild-kit/core-utils": "^3.0.0",
        "@esbuild-kit/esm-loader": "^2.5.5",
        "fsevents": "~2.3.2"
      }
    },
    "type-is": {
      "version": "1.6.18",
      "resolved": "http://r.npm.sankuai.com/type-is/download/type-is-1.6.18.tgz",
      "integrity": "sha1-TlUs0F3wlGfcvE73Od6J8s83wTE=",
      "requires": {
        "media-typer": "0.3.0",
        "mime-types": "~2.1.24"
      }
    },
    "typescript": {
      "version": "5.0.4",
      "resolved": "http://r.npm.sankuai.com/typescript/download/typescript-5.0.4.tgz",
      "integrity": "sha1-shf9IBGb1hqU1AESdOCrNpBY2js=",
      "dev": true
    },
    "unpipe": {
      "version": "1.0.0",
      "resolved": "http://r.npm.sankuai.com/unpipe/download/unpipe-1.0.0.tgz",
      "integrity": "sha1-sr9O6FFKrmFltIF4KdIbLvSZBOw="
    },
    "utils-merge": {
      "version": "1.0.1",
      "resolved": "http://r.npm.sankuai.com/utils-merge/download/utils-merge-1.0.1.tgz",
      "integrity": "sha1-n5VxD1CiZ5R7LMwSR0HBAoQn5xM="
    },
    "vary": {
      "version": "1.1.2",
      "resolved": "http://r.npm.sankuai.com/vary/download/vary-1.1.2.tgz",
      "integrity": "sha1-IpnwLG3tMNSllhsLn3RSShj2NPw="
    },
    "web-streams-polyfill": {
      "version": "3.2.1",
      "resolved": "http://r.npm.sankuai.com/web-streams-polyfill/download/web-streams-polyfill-3.2.1.tgz",
      "integrity": "sha1-ccJxjFK0X9Sdvu6IY0s6YM6rQqY="
    }
  }
}
